
Microsoft Visual Studio Solution File, Format Version 12.00
# Visual Studio 15
VisualStudioVersion = 15.0.28307.645
MinimumVisualStudioVersion = 10.0.40219.1
Project("{FAE04EC0-301F-11D3-BF4B-00C04F79EFBC}") = "WebBuscar", "WebBuscar\WebBuscar.csproj", "{C16A3E64-191A-4639-90A8-0EE0C7B0BC1E}"
EndProject
Global
	GlobalSection(SolutionConfigurationPlatforms) = preSolution
		Debug|Any CPU = Debug|Any CPU
		Release|Any CPU = Release|Any CPU
	EndGlobalSection
	GlobalSection(ProjectConfigurationPlatforms) = postSolution
		{C16A3E64-191A-4639-90A8-0EE0C7B0BC1E}.Debug|Any CPU.ActiveCfg = Debug|Any CPU
		{C16A3E64-191A-4639-90A8-0EE0C7B0BC1E}.Debug|Any CPU.Build.0 = Debug|Any CPU
		{C16A3E64-191A-4639-90A8-0EE0C7B0BC1E}.Release|Any CPU.ActiveCfg = Release|Any CPU
		{C16A3E64-191A-4639-90A8-0EE0C7B0BC1E}.Release|Any CPU.Build.0 = Release|Any CPU
	EndGlobalSection
	GlobalSection(SolutionProperties) = preSolution
		HideSolutionNode = FALSE
	EndGlobalSection
	GlobalSection(ExtensibilityGlobals) = postSolution
		SolutionGuid = {18DB1DE4-F67F-4088-8715-5E6D55AFAE90}
	EndGlobalSection
EndGlobal
